// !$*UTF8*$!
{
	archiveVersion = 1;
	classes = {
	};
	objectVersion = 46;
	objects = {

/* Begin PBXBuildFile section */
		9E4A7F8117BAB41800B5E176 /* QuartzCore.framework in Frameworks */ = {isa = PBXBuildFile; fileRef = 9E4A7F8017BAB41800B5E176 /* QuartzCore.framework */; };
		9E4A7F8617BAB42400B5E176 /* SVProgressHUD.bundle in Resources */ = {isa = PBXBuildFile; fileRef = 9E4A7F8317BAB42400B5E176 /* SVProgressHUD.bundle */; };
		9E4A7F8717BAB42400B5E176 /* SVProgressHUD.m in Sources */ = {isa = PBXBuildFile; fileRef = 9E4A7F8517BAB42400B5E176 /* SVProgressHUD.m */; };
		9E4A7F8B17BAB7DE00B5E176 /* RTResultVC.m in Sources */ = {isa = PBXBuildFile; fileRef = 9E4A7F8917BAB7DE00B5E176 /* RTResultVC.m */; };
		9E4A7F8C17BAB7DE00B5E176 /* RTResultVC.xib in Resources */ = {isa = PBXBuildFile; fileRef = 9E4A7F8A17BAB7DE00B5E176 /* RTResultVC.xib */; };
		9E82948517B6A89600244AA2 /* UIKit.framework in Frameworks */ = {isa = PBXBuildFile; fileRef = 9E82948417B6A89600244AA2 /* UIKit.framework */; };
		9E82948717B6A89600244AA2 /* Foundation.framework in Frameworks */ = {isa = PBXBuildFile; fileRef = 9E82948617B6A89600244AA2 /* Foundation.framework */; };
		9E82948917B6A89600244AA2 /* CoreGraphics.framework in Frameworks */ = {isa = PBXBuildFile; fileRef = 9E82948817B6A89600244AA2 /* CoreGraphics.framework */; };
		9E82948F17B6A89600244AA2 /* InfoPlist.strings in Resources */ = {isa = PBXBuildFile; fileRef = 9E82948D17B6A89600244AA2 /* InfoPlist.strings */; };
		9E82949117B6A89600244AA2 /* main.m in Sources */ = {isa = PBXBuildFile; fileRef = 9E82949017B6A89600244AA2 /* main.m */; };
		9E82949517B6A89600244AA2 /* RTAppDelegate.m in Sources */ = {isa = PBXBuildFile; fileRef = 9E82949417B6A89600244AA2 /* RTAppDelegate.m */; };
		9E82949717B6A89600244AA2 /* Default.png in Resources */ = {isa = PBXBuildFile; fileRef = 9E82949617B6A89600244AA2 /* Default.png */; };
		9E82949917B6A89600244AA2 /* Default@2x.png in Resources */ = {isa = PBXBuildFile; fileRef = 9E82949817B6A89600244AA2 /* Default@2x.png */; };
		9E82949B17B6A89600244AA2 /* Default-568h@2x.png in Resources */ = {isa = PBXBuildFile; fileRef = 9E82949A17B6A89600244AA2 /* Default-568h@2x.png */; };
		9E82949E17B6A89600244AA2 /* RTViewController.m in Sources */ = {isa = PBXBuildFile; fileRef = 9E82949D17B6A89600244AA2 /* RTViewController.m */; };
		9E8294A117B6A89600244AA2 /* RTViewController.xib in Resources */ = {isa = PBXBuildFile; fileRef = 9E82949F17B6A89600244AA2 /* RTViewController.xib */; };
		9E8294BC17B6A97200244AA2 /* AFHTTPClient.m in Sources */ = {isa = PBXBuildFile; fileRef = 9E8294AA17B6A97200244AA2 /* AFHTTPClient.m */; };
		9E8294BD17B6A97200244AA2 /* AFHTTPRequestOperation.m in Sources */ = {isa = PBXBuildFile; fileRef = 9E8294AC17B6A97200244AA2 /* AFHTTPRequestOperation.m */; };
		9E8294BE17B6A97200244AA2 /* AFImageRequestOperation.m in Sources */ = {isa = PBXBuildFile; fileRef = 9E8294AE17B6A97200244AA2 /* AFImageRequestOperation.m */; };
		9E8294BF17B6A97200244AA2 /* AFJSONRequestOperation.m in Sources */ = {isa = PBXBuildFile; fileRef = 9E8294B017B6A97200244AA2 /* AFJSONRequestOperation.m */; };
		9E8294C017B6A97200244AA2 /* AFNetworkActivityIndicatorManager.m in Sources */ = {isa = PBXBuildFile; fileRef = 9E8294B217B6A97200244AA2 /* AFNetworkActivityIndicatorManager.m */; };
		9E8294C117B6A97200244AA2 /* AFPropertyListRequestOperation.m in Sources */ = {isa = PBXBuildFile; fileRef = 9E8294B517B6A97200244AA2 /* AFPropertyListRequestOperation.m */; };
		9E8294C217B6A97200244AA2 /* AFURLConnectionOperation.m in Sources */ = {isa = PBXBuildFile; fileRef = 9E8294B717B6A97200244AA2 /* AFURLConnectionOperation.m */; };
		9E8294C317B6A97200244AA2 /* AFXMLRequestOperation.m in Sources */ = {isa = PBXBuildFile; fileRef = 9E8294B917B6A97200244AA2 /* AFXMLRequestOperation.m */; };
		9E8294C417B6A97200244AA2 /* UIImageView+AFNetworking.m in Sources */ = {isa = PBXBuildFile; fileRef = 9E8294BB17B6A97200244AA2 /* UIImageView+AFNetworking.m */; };
		9E8294C617B6A9CF00244AA2 /* MobileCoreServices.framework in Frameworks */ = {isa = PBXBuildFile; fileRef = 9E8294C517B6A9CF00244AA2 /* MobileCoreServices.framework */; };
		9E8294C817B6A9D700244AA2 /* SystemConfiguration.framework in Frameworks */ = {isa = PBXBuildFile; fileRef = 9E8294C717B6A9D700244AA2 /* SystemConfiguration.framework */; };
		9E8294CA17B6AAC500244AA2 /* CFNetwork.framework in Frameworks */ = {isa = PBXBuildFile; fileRef = 9E8294C917B6AAC500244AA2 /* CFNetwork.framework */; };
		9E8294CC17B6AACB00244AA2 /* Security.framework in Frameworks */ = {isa = PBXBuildFile; fileRef = 9E8294CB17B6AACB00244AA2 /* Security.framework */; };
		9E9C1A2017B782F000B851F3 /* RTUser.m in Sources */ = {isa = PBXBuildFile; fileRef = 9E9C1A1F17B782F000B851F3 /* RTUser.m */; };
		9E9C1A2517B783C700B851F3 /* NSString+MD5.m in Sources */ = {isa = PBXBuildFile; fileRef = 9E9C1A2417B783C700B851F3 /* NSString+MD5.m */; };
/* End PBXBuildFile section */

/* Begin PBXFileReference section */
		9E4A7F8017BAB41800B5E176 /* QuartzCore.framework */ = {isa = PBXFileReference; lastKnownFileType = wrapper.framework; name = QuartzCore.framework; path = System/Library/Frameworks/QuartzCore.framework; sourceTree = SDKROOT; };
		9E4A7F8317BAB42400B5E176 /* SVProgressHUD.bundle */ = {isa = PBXFileReference; lastKnownFileType = "wrapper.plug-in"; path = SVProgressHUD.bundle; sourceTree = "<group>"; };
		9E4A7F8417BAB42400B5E176 /* SVProgressHUD.h */ = {isa = PBXFileReference; fileEncoding = 4; lastKnownFileType = sourcecode.c.h; path = SVProgressHUD.h; sourceTree = "<group>"; };
		9E4A7F8517BAB42400B5E176 /* SVProgressHUD.m */ = {isa = PBXFileReference; fileEncoding = 4; lastKnownFileType = sourcecode.c.objc; path = SVProgressHUD.m; sourceTree = "<group>"; };
		9E4A7F8817BAB7DE00B5E176 /* RTResultVC.h */ = {isa = PBXFileReference; fileEncoding = 4; lastKnownFileType = sourcecode.c.h; name = RTResultVC.h; path = RoketureTest/RTResultVC.h; sourceTree = SOURCE_ROOT; };
		9E4A7F8917BAB7DE00B5E176 /* RTResultVC.m */ = {isa = PBXFileReference; fileEncoding = 4; lastKnownFileType = sourcecode.c.objc; name = RTResultVC.m; path = RoketureTest/RTResultVC.m; sourceTree = SOURCE_ROOT; };
		9E4A7F8A17BAB7DE00B5E176 /* RTResultVC.xib */ = {isa = PBXFileReference; fileEncoding = 4; lastKnownFileType = file.xib; name = RTResultVC.xib; path = RoketureTest/RTResultVC.xib; sourceTree = SOURCE_ROOT; };
		9E82948117B6A89600244AA2 /* RoketureTest.app */ = {isa = PBXFileReference; explicitFileType = wrapper.application; includeInIndex = 0; path = RoketureTest.app; sourceTree = BUILT_PRODUCTS_DIR; };
		9E82948417B6A89600244AA2 /* UIKit.framework */ = {isa = PBXFileReference; lastKnownFileType = wrapper.framework; name = UIKit.framework; path = System/Library/Frameworks/UIKit.framework; sourceTree = SDKROOT; };
		9E82948617B6A89600244AA2 /* Foundation.framework */ = {isa = PBXFileReference; lastKnownFileType = wrapper.framework; name = Foundation.framework; path = System/Library/Frameworks/Foundation.framework; sourceTree = SDKROOT; };
		9E82948817B6A89600244AA2 /* CoreGraphics.framework */ = {isa = PBXFileReference; lastKnownFileType = wrapper.framework; name = CoreGraphics.framework; path = System/Library/Frameworks/CoreGraphics.framework; sourceTree = SDKROOT; };
		9E82948C17B6A89600244AA2 /* RoketureTest-Info.plist */ = {isa = PBXFileReference; lastKnownFileType = text.plist.xml; path = "RoketureTest-Info.plist"; sourceTree = "<group>"; };
		9E82948E17B6A89600244AA2 /* en */ = {isa = PBXFileReference; lastKnownFileType = text.plist.strings; name = en; path = en.lproj/InfoPlist.strings; sourceTree = "<group>"; };
		9E82949017B6A89600244AA2 /* main.m */ = {isa = PBXFileReference; lastKnownFileType = sourcecode.c.objc; path = main.m; sourceTree = "<group>"; };
		9E82949217B6A89600244AA2 /* RoketureTest-Prefix.pch */ = {isa = PBXFileReference; lastKnownFileType = sourcecode.c.h; path = "RoketureTest-Prefix.pch"; sourceTree = "<group>"; };
		9E82949317B6A89600244AA2 /* RTAppDelegate.h */ = {isa = PBXFileReference; lastKnownFileType = sourcecode.c.h; path = RTAppDelegate.h; sourceTree = "<group>"; };
		9E82949417B6A89600244AA2 /* RTAppDelegate.m */ = {isa = PBXFileReference; lastKnownFileType = sourcecode.c.objc; path = RTAppDelegate.m; sourceTree = "<group>"; };
		9E82949617B6A89600244AA2 /* Default.png */ = {isa = PBXFileReference; lastKnownFileType = image.png; path = Default.png; sourceTree = "<group>"; };
		9E82949817B6A89600244AA2 /* Default@2x.png */ = {isa = PBXFileReference; lastKnownFileType = image.png; path = "Default@2x.png"; sourceTree = "<group>"; };
		9E82949A17B6A89600244AA2 /* Default-568h@2x.png */ = {isa = PBXFileReference; lastKnownFileType = image.png; path = "Default-568h@2x.png"; sourceTree = "<group>"; };
		9E82949C17B6A89600244AA2 /* RTViewController.h */ = {isa = PBXFileReference; lastKnownFileType = sourcecode.c.h; path = RTViewController.h; sourceTree = "<group>"; };
		9E82949D17B6A89600244AA2 /* RTViewController.m */ = {isa = PBXFileReference; lastKnownFileType = sourcecode.c.objc; path = RTViewController.m; sourceTree = "<group>"; };
		9E8294A017B6A89600244AA2 /* en */ = {isa = PBXFileReference; lastKnownFileType = file.xib; name = en; path = en.lproj/RTViewController.xib; sourceTree = "<group>"; };
		9E8294A917B6A97200244AA2 /* AFHTTPClient.h */ = {isa = PBXFileReference; fileEncoding = 4; lastKnownFileType = sourcecode.c.h; path = AFHTTPClient.h; sourceTree = "<group>"; };
		9E8294AA17B6A97200244AA2 /* AFHTTPClient.m */ = {isa = PBXFileReference; fileEncoding = 4; lastKnownFileType = sourcecode.c.objc; path = AFHTTPClient.m; sourceTree = "<group>"; };
		9E8294AB17B6A97200244AA2 /* AFHTTPRequestOperation.h */ = {isa = PBXFileReference; fileEncoding = 4; lastKnownFileType = sourcecode.c.h; path = AFHTTPRequestOperation.h; sourceTree = "<group>"; };
		9E8294AC17B6A97200244AA2 /* AFHTTPRequestOperation.m */ = {isa = PBXFileReference; fileEncoding = 4; lastKnownFileType = sourcecode.c.objc; path = AFHTTPRequestOperation.m; sourceTree = "<group>"; };
		9E8294AD17B6A97200244AA2 /* AFImageRequestOperation.h */ = {isa = PBXFileReference; fileEncoding = 4; lastKnownFileType = sourcecode.c.h; path = AFImageRequestOperation.h; sourceTree = "<group>"; };
		9E8294AE17B6A97200244AA2 /* AFImageRequestOperation.m */ = {isa = PBXFileReference; fileEncoding = 4; lastKnownFileType = sourcecode.c.objc; path = AFImageRequestOperation.m; sourceTree = "<group>"; };
		9E8294AF17B6A97200244AA2 /* AFJSONRequestOperation.h */ = {isa = PBXFileReference; fileEncoding = 4; lastKnownFileType = sourcecode.c.h; path = AFJSONRequestOperation.h; sourceTree = "<group>"; };
		9E8294B017B6A97200244AA2 /* AFJSONRequestOperation.m */ = {isa = PBXFileReference; fileEncoding = 4; lastKnownFileType = sourcecode.c.objc; path = AFJSONRequestOperation.m; sourceTree = "<group>"; };
		9E8294B117B6A97200244AA2 /* AFNetworkActivityIndicatorManager.h */ = {isa = PBXFileReference; fileEncoding = 4; lastKnownFileType = sourcecode.c.h; path = AFNetworkActivityIndicatorManager.h; sourceTree = "<group>"; };
		9E8294B217B6A97200244AA2 /* AFNetworkActivityIndicatorManager.m */ = {isa = PBXFileReference; fileEncoding = 4; lastKnownFileType = sourcecode.c.objc; path = AFNetworkActivityIndicatorManager.m; sourceTree = "<group>"; };
		9E8294B317B6A97200244AA2 /* AFNetworking.h */ = {isa = PBXFileReference; fileEncoding = 4; lastKnownFileType = sourcecode.c.h; path = AFNetworking.h; sourceTree = "<group>"; };
		9E8294B417B6A97200244AA2 /* AFPropertyListRequestOperation.h */ = {isa = PBXFileReference; fileEncoding = 4; lastKnownFileType = sourcecode.c.h; path = AFPropertyListRequestOperation.h; sourceTree = "<group>"; };
		9E8294B517B6A97200244AA2 /* AFPropertyListRequestOperation.m */ = {isa = PBXFileReference; fileEncoding = 4; lastKnownFileType = sourcecode.c.objc; path = AFPropertyListRequestOperation.m; sourceTree = "<group>"; };
		9E8294B617B6A97200244AA2 /* AFURLConnectionOperation.h */ = {isa = PBXFileReference; fileEncoding = 4; lastKnownFileType = sourcecode.c.h; path = AFURLConnectionOperation.h; sourceTree = "<group>"; };
		9E8294B717B6A97200244AA2 /* AFURLConnectionOperation.m */ = {isa = PBXFileReference; fileEncoding = 4; lastKnownFileType = sourcecode.c.objc; path = AFURLConnectionOperation.m; sourceTree = "<group>"; };
		9E8294B817B6A97200244AA2 /* AFXMLRequestOperation.h */ = {isa = PBXFileReference; fileEncoding = 4; lastKnownFileType = sourcecode.c.h; path = AFXMLRequestOperation.h; sourceTree = "<group>"; };
		9E8294B917B6A97200244AA2 /* AFXMLRequestOperation.m */ = {isa = PBXFileReference; fileEncoding = 4; lastKnownFileType = sourcecode.c.objc; path = AFXMLRequestOperation.m; sourceTree = "<group>"; };
		9E8294BA17B6A97200244AA2 /* UIImageView+AFNetworking.h */ = {isa = PBXFileReference; fileEncoding = 4; lastKnownFileType = sourcecode.c.h; path = "UIImageView+AFNetworking.h"; sourceTree = "<group>"; };
		9E8294BB17B6A97200244AA2 /* UIImageView+AFNetworking.m */ = {isa = PBXFileReference; fileEncoding = 4; lastKnownFileType = sourcecode.c.objc; path = "UIImageView+AFNetworking.m"; sourceTree = "<group>"; };
		9E8294C517B6A9CF00244AA2 /* MobileCoreServices.framework */ = {isa = PBXFileReference; lastKnownFileType = wrapper.framework; name = MobileCoreServices.framework; path = System/Library/Frameworks/MobileCoreServices.framework; sourceTree = SDKROOT; };
		9E8294C717B6A9D700244AA2 /* SystemConfiguration.framework */ = {isa = PBXFileReference; lastKnownFileType = wrapper.framework; name = SystemConfiguration.framework; path = System/Library/Frameworks/SystemConfiguration.framework; sourceTree = SDKROOT; };
		9E8294C917B6AAC500244AA2 /* CFNetwork.framework */ = {isa = PBXFileReference; lastKnownFileType = wrapper.framework; name = CFNetwork.framework; path = System/Library/Frameworks/CFNetwork.framework; sourceTree = SDKROOT; };
		9E8294CB17B6AACB00244AA2 /* Security.framework */ = {isa = PBXFileReference; lastKnownFileType = wrapper.framework; name = Security.framework; path = System/Library/Frameworks/Security.framework; sourceTree = SDKROOT; };
		9E9C1A1E17B782F000B851F3 /* RTUser.h */ = {isa = PBXFileReference; fileEncoding = 4; lastKnownFileType = sourcecode.c.h; path = RTUser.h; sourceTree = "<group>"; };
		9E9C1A1F17B782F000B851F3 /* RTUser.m */ = {isa = PBXFileReference; fileEncoding = 4; lastKnownFileType = sourcecode.c.objc; path = RTUser.m; sourceTree = "<group>"; };
		9E9C1A2317B783C700B851F3 /* NSString+MD5.h */ = {isa = PBXFileReference; fileEncoding = 4; lastKnownFileType = sourcecode.c.h; path = "NSString+MD5.h"; sourceTree = "<group>"; };
		9E9C1A2417B783C700B851F3 /* NSString+MD5.m */ = {isa = PBXFileReference; fileEncoding = 4; lastKnownFileType = sourcecode.c.objc; path = "NSString+MD5.m"; sourceTree = "<group>"; };
/* End PBXFileReference section */

/* Begin PBXFrameworksBuildPhase section */
		9E82947E17B6A89600244AA2 /* Frameworks */ = {
			isa = PBXFrameworksBuildPhase;
			buildActionMask = 2147483647;
			files = (
				9E4A7F8117BAB41800B5E176 /* QuartzCore.framework in Frameworks */,
				9E8294CC17B6AACB00244AA2 /* Security.framework in Frameworks */,
				9E8294CA17B6AAC500244AA2 /* CFNetwork.framework in Frameworks */,
				9E8294C817B6A9D700244AA2 /* SystemConfiguration.framework in Frameworks */,
				9E8294C617B6A9CF00244AA2 /* MobileCoreServices.framework in Frameworks */,
				9E82948517B6A89600244AA2 /* UIKit.framework in Frameworks */,
				9E82948717B6A89600244AA2 /* Foundation.framework in Frameworks */,
				9E82948917B6A89600244AA2 /* CoreGraphics.framework in Frameworks */,
			);
			runOnlyForDeploymentPostprocessing = 0;
		};
/* End PBXFrameworksBuildPhase section */

/* Begin PBXGroup section */
		9E4A7F8217BAB42400B5E176 /* SVProgressHUD */ = {
			isa = PBXGroup;
			children = (
				9E4A7F8317BAB42400B5E176 /* SVProgressHUD.bundle */,
				9E4A7F8417BAB42400B5E176 /* SVProgressHUD.h */,
				9E4A7F8517BAB42400B5E176 /* SVProgressHUD.m */,
			);
			path = SVProgressHUD;
			sourceTree = "<group>";
		};
		9E82947817B6A89600244AA2 = {
			isa = PBXGroup;
			children = (
				9E82948A17B6A89600244AA2 /* RoketureTest */,
				9E82948317B6A89600244AA2 /* Frameworks */,
				9E82948217B6A89600244AA2 /* Products */,
			);
			sourceTree = "<group>";
		};
		9E82948217B6A89600244AA2 /* Products */ = {
			isa = PBXGroup;
			children = (
				9E82948117B6A89600244AA2 /* RoketureTest.app */,
			);
			name = Products;
			sourceTree = "<group>";
		};
		9E82948317B6A89600244AA2 /* Frameworks */ = {
			isa = PBXGroup;
			children = (
				9E4A7F8017BAB41800B5E176 /* QuartzCore.framework */,
				9E8294CB17B6AACB00244AA2 /* Security.framework */,
				9E8294C917B6AAC500244AA2 /* CFNetwork.framework */,
				9E8294C717B6A9D700244AA2 /* SystemConfiguration.framework */,
				9E8294C517B6A9CF00244AA2 /* MobileCoreServices.framework */,
				9E82948417B6A89600244AA2 /* UIKit.framework */,
				9E82948617B6A89600244AA2 /* Foundation.framework */,
				9E82948817B6A89600244AA2 /* CoreGraphics.framework */,
			);
			name = Frameworks;
			sourceTree = "<group>";
		};
		9E82948A17B6A89600244AA2 /* RoketureTest */ = {
			isa = PBXGroup;
			children = (
				9E4A7F8817BAB7DE00B5E176 /* RTResultVC.h */,
				9E4A7F8917BAB7DE00B5E176 /* RTResultVC.m */,
				9E4A7F8A17BAB7DE00B5E176 /* RTResultVC.xib */,
				9E8294A717B6A97200244AA2 /* Libraries */,
				9E82949317B6A89600244AA2 /* RTAppDelegate.h */,
				9E82949417B6A89600244AA2 /* RTAppDelegate.m */,
				9E82949C17B6A89600244AA2 /* RTViewController.h */,
				9E82949D17B6A89600244AA2 /* RTViewController.m */,
				9E82949F17B6A89600244AA2 /* RTViewController.xib */,
				9E82948B17B6A89600244AA2 /* Supporting Files */,
				9E9C1A1E17B782F000B851F3 /* RTUser.h */,
				9E9C1A1F17B782F000B851F3 /* RTUser.m */,
				9E9C1A2317B783C700B851F3 /* NSString+MD5.h */,
				9E9C1A2417B783C700B851F3 /* NSString+MD5.m */,
			);
			path = RoketureTest;
			sourceTree = "<group>";
		};
		9E82948B17B6A89600244AA2 /* Supporting Files */ = {
			isa = PBXGroup;
			children = (
				9E82948C17B6A89600244AA2 /* RoketureTest-Info.plist */,
				9E82948D17B6A89600244AA2 /* InfoPlist.strings */,
				9E82949017B6A89600244AA2 /* main.m */,
				9E82949217B6A89600244AA2 /* RoketureTest-Prefix.pch */,
				9E82949617B6A89600244AA2 /* Default.png */,
				9E82949817B6A89600244AA2 /* Default@2x.png */,
				9E82949A17B6A89600244AA2 /* Default-568h@2x.png */,
			);
			name = "Supporting Files";
			sourceTree = "<group>";
		};
		9E8294A717B6A97200244AA2 /* Libraries */ = {
			isa = PBXGroup;
			children = (
				9E4A7F8217BAB42400B5E176 /* SVProgressHUD */,
				9E8294A817B6A97200244AA2 /* AFNetworking */,
			);
			path = Libraries;
			sourceTree = "<group>";
		};
		9E8294A817B6A97200244AA2 /* AFNetworking */ = {
			isa = PBXGroup;
			children = (
				9E8294A917B6A97200244AA2 /* AFHTTPClient.h */,
				9E8294AA17B6A97200244AA2 /* AFHTTPClient.m */,
				9E8294AB17B6A97200244AA2 /* AFHTTPRequestOperation.h */,
				9E8294AC17B6A97200244AA2 /* AFHTTPRequestOperation.m */,
				9E8294AD17B6A97200244AA2 /* AFImageRequestOperation.h */,
				9E8294AE17B6A97200244AA2 /* AFImageRequestOperation.m */,
				9E8294AF17B6A97200244AA2 /* AFJSONRequestOperation.h */,
				9E8294B017B6A97200244AA2 /* AFJSONRequestOperation.m */,
				9E8294B117B6A97200244AA2 /* AFNetworkActivityIndicatorManager.h */,
				9E8294B217B6A97200244AA2 /* AFNetworkActivityIndicatorManager.m */,
				9E8294B317B6A97200244AA2 /* AFNetworking.h */,
				9E8294B417B6A97200244AA2 /* AFPropertyListRequestOperation.h */,
				9E8294B517B6A97200244AA2 /* AFPropertyListRequestOperation.m */,
				9E8294B617B6A97200244AA2 /* AFURLConnectionOperation.h */,
				9E8294B717B6A97200244AA2 /* AFURLConnectionOperation.m */,
				9E8294B817B6A97200244AA2 /* AFXMLRequestOperation.h */,
				9E8294B917B6A97200244AA2 /* AFXMLRequestOperation.m */,
				9E8294BA17B6A97200244AA2 /* UIImageView+AFNetworking.h */,
				9E8294BB17B6A97200244AA2 /* UIImageView+AFNetworking.m */,
			);
			path = AFNetworking;
			sourceTree = "<group>";
		};
/* End PBXGroup section */

/* Begin PBXNativeTarget section */
		9E82948017B6A89600244AA2 /* RoketureTest */ = {
			isa = PBXNativeTarget;
			buildConfigurationList = 9E8294A417B6A89600244AA2 /* Build configuration list for PBXNativeTarget "RoketureTest" */;
			buildPhases = (
				9E82947D17B6A89600244AA2 /* Sources */,
				9E82947E17B6A89600244AA2 /* Frameworks */,
				9E82947F17B6A89600244AA2 /* Resources */,
			);
			buildRules = (
			);
			dependencies = (
			);
			name = RoketureTest;
			productName = RoketureTest;
			productReference = 9E82948117B6A89600244AA2 /* RoketureTest.app */;
			productType = "com.apple.product-type.application";
		};
/* End PBXNativeTarget section */

/* Begin PBXProject section */
		9E82947917B6A89600244AA2 /* Project object */ = {
			isa = PBXProject;
			attributes = {
				CLASSPREFIX = RT;
				LastUpgradeCheck = 0460;
				ORGANIZATIONNAME = "Andrii Titov";
			};
			buildConfigurationList = 9E82947C17B6A89600244AA2 /* Build configuration list for PBXProject "RoketureTest" */;
			compatibilityVersion = "Xcode 3.2";
			developmentRegion = English;
			hasScannedForEncodings = 0;
			knownRegions = (
				en,
			);
			mainGroup = 9E82947817B6A89600244AA2;
			productRefGroup = 9E82948217B6A89600244AA2 /* Products */;
			projectDirPath = "";
			projectRoot = "";
			targets = (
				9E82948017B6A89600244AA2 /* RoketureTest */,
			);
		};
/* End PBXProject section */

/* Begin PBXResourcesBuildPhase section */
		9E82947F17B6A89600244AA2 /* Resources */ = {
			isa = PBXResourcesBuildPhase;
			buildActionMask = 2147483647;
			files = (
				9E82948F17B6A89600244AA2 /* InfoPlist.strings in Resources */,
				9E82949717B6A89600244AA2 /* Default.png in Resources */,
				9E82949917B6A89600244AA2 /* Default@2x.png in Resources */,
				9E82949B17B6A89600244AA2 /* Default-568h@2x.png in Resources */,
				9E8294A117B6A89600244AA2 /* RTViewController.xib in Resources */,
				9E4A7F8617BAB42400B5E176 /* SVProgressHUD.bundle in Resources */,
				9E4A7F8C17BAB7DE00B5E176 /* RTResultVC.xib in Resources */,
			);
			runOnlyForDeploymentPostprocessing = 0;
		};
/* End PBXResourcesBuildPhase section */

/* Begin PBXSourcesBuildPhase section */
		9E82947D17B6A89600244AA2 /* Sources */ = {
			isa = PBXSourcesBuildPhase;
			buildActionMask = 2147483647;
			files = (
				9E82949117B6A89600244AA2 /* main.m in Sources */,
				9E82949517B6A89600244AA2 /* RTAppDelegate.m in Sources */,
				9E82949E17B6A89600244AA2 /* RTViewController.m in Sources */,
				9E8294BC17B6A97200244AA2 /* AFHTTPClient.m in Sources */,
				9E8294BD17B6A97200244AA2 /* AFHTTPRequestOperation.m in Sources */,
				9E8294BE17B6A97200244AA2 /* AFImageRequestOperation.m in Sources */,
				9E8294BF17B6A97200244AA2 /* AFJSONRequestOperation.m in Sources */,
				9E8294C017B6A97200244AA2 /* AFNetworkActivityIndicatorManager.m in Sources */,
				9E8294C117B6A97200244AA2 /* AFPropertyListRequestOperation.m in Sources */,
				9E8294C217B6A97200244AA2 /* AFURLConnectionOperation.m in Sources */,
				9E8294C317B6A97200244AA2 /* AFXMLRequestOperation.m in Sources */,
				9E8294C417B6A97200244AA2 /* UIImageView+AFNetworking.m in Sources */,
				9E9C1A2017B782F000B851F3 /* RTUser.m in Sources */,
				9E9C1A2517B783C700B851F3 /* NSString+MD5.m in Sources */,
				9E4A7F8717BAB42400B5E176 /* SVProgressHUD.m in Sources */,
				9E4A7F8B17BAB7DE00B5E176 /* RTResultVC.m in Sources */,
			);
			runOnlyForDeploymentPostprocessing = 0;
		};
/* End PBXSourcesBuildPhase section */

/* Begin PBXVariantGroup section */
		9E82948D17B6A89600244AA2 /* InfoPlist.strings */ = {
			isa = PBXVariantGroup;
			children = (
				9E82948E17B6A89600244AA2 /* en */,
			);
			name = InfoPlist.strings;
			sourceTree = "<group>";
		};
		9E82949F17B6A89600244AA2 /* RTViewController.xib */ = {
			isa = PBXVariantGroup;
			children = (
				9E8294A017B6A89600244AA2 /* en */,
			);
			name = RTViewController.xib;
			sourceTree = "<group>";
		};
/* End PBXVariantGroup section */

/* Begin XCBuildConfiguration section */
		9E8294A217B6A89600244AA2 /* Debug */ = {
			isa = XCBuildConfiguration;
			buildSettings = {
				ALWAYS_SEARCH_USER_PATHS = NO;
				CLANG_CXX_LANGUAGE_STANDARD = "gnu++0x";
				CLANG_CXX_LIBRARY = "libc++";
				CLANG_ENABLE_OBJC_ARC = YES;
				CLANG_WARN_CONSTANT_CONVERSION = YES;
				CLANG_WARN_EMPTY_BODY = YES;
				CLANG_WARN_ENUM_CONVERSION = YES;
				CLANG_WARN_INT_CONVERSION = YES;
				CLANG_WARN__DUPLICATE_METHOD_MATCH = YES;
				"CODE_SIGN_IDENTITY[sdk=iphoneos*]" = "iPhone Developer";
				COPY_PHASE_STRIP = NO;
				GCC_C_LANGUAGE_STANDARD = gnu99;
				GCC_DYNAMIC_NO_PIC = NO;
				GCC_OPTIMIZATION_LEVEL = 0;
				GCC_PREPROCESSOR_DEFINITIONS = (
					"DEBUG=1",
					"$(inherited)",
				);
				GCC_SYMBOLS_PRIVATE_EXTERN = NO;
				GCC_WARN_ABOUT_RETURN_TYPE = YES;
				GCC_WARN_UNINITIALIZED_AUTOS = YES;
				GCC_WARN_UNUSED_VARIABLE = YES;
				IPHONEOS_DEPLOYMENT_TARGET = 6.1;
				ONLY_ACTIVE_ARCH = YES;
				SDKROOT = iphoneos;
			};
			name = Debug;
		};
		9E8294A317B6A89600244AA2 /* Release */ = {
			isa = XCBuildConfiguration;
			buildSettings = {
				ALWAYS_SEARCH_USER_PATHS = NO;
				CLANG_CXX_LANGUAGE_STANDARD = "gnu++0x";
				CLANG_CXX_LIBRARY = "libc++";
				CLANG_ENABLE_OBJC_ARC = YES;
				CLANG_WARN_CONSTANT_CONVERSION = YES;
				CLANG_WARN_EMPTY_BODY = YES;
				CLANG_WARN_ENUM_CONVERSION = YES;
				CLANG_WARN_INT_CONVERSION = YES;
				CLANG_WARN__DUPLICATE_METHOD_MATCH = YES;
				"CODE_SIGN_IDENTITY[sdk=iphoneos*]" = "iPhone Developer";
				COPY_PHASE_STRIP = YES;
				GCC_C_LANGUAGE_STANDARD = gnu99;
				GCC_WARN_ABOUT_RETURN_TYPE = YES;
				GCC_WARN_UNINITIALIZED_AUTOS = YES;
				GCC_WARN_UNUSED_VARIABLE = YES;
				IPHONEOS_DEPLOYMENT_TARGET = 6.1;
				OTHER_CFLAGS = "-DNS_BLOCK_ASSERTIONS=1";
				SDKROOT = iphoneos;
				VALIDATE_PRODUCT = YES;
			};
			name = Release;
		};
		9E8294A517B6A89600244AA2 /* Debug */ = {
			isa = XCBuildConfiguration;
			buildSettings = {
				GCC_PRECOMPILE_PREFIX_HEADER = YES;
				GCC_PREFIX_HEADER = "RoketureTest/RoketureTest-Prefix.pch";
				INFOPLIST_FILE = "RoketureTest/RoketureTest-Info.plist";
				IPHONEOS_DEPLOYMENT_TARGET = 5.0;
				LIBRARY_SEARCH_PATHS = (
					"$(inherited)",
					"\"$(SDKROOT)/usr/lib/system\"",
				);
				PRODUCT_NAME = "$(TARGET_NAME)";
				WRAPPER_EXTENSION = app;
			};
			name = Debug;
		};
		9E8294A617B6A89600244AA2 /* Release */ = {
			isa = XCBuildConfiguration;
			buildSettings = {
				GCC_PRECOMPILE_PREFIX_HEADER = YES;
				GCC_PREFIX_HEADER = "RoketureTest/RoketureTest-Prefix.pch";
				INFOPLIST_FILE = "RoketureTest/RoketureTest-Info.plist";
				IPHONEOS_DEPLOYMENT_TARGET = 5.0;
				LIBRARY_SEARCH_PATHS = (
					"$(inherited)",
					"\"$(SDKROOT)/usr/lib/system\"",
				);
				PRODUCT_NAME = "$(TARGET_NAME)";
				WRAPPER_EXTENSION = app;
			};
			name = Release;
		};
/* End XCBuildConfiguration section */

/* Begin XCConfigurationList section */
		9E82947C17B6A89600244AA2 /* Build configuration list for PBXProject "RoketureTest" */ = {
			isa = XCConfigurationList;
			buildConfigurations = (
				9E8294A217B6A89600244AA2 /* Debug */,
				9E8294A317B6A89600244AA2 /* Release */,
			);
			defaultConfigurationIsVisible = 0;
			defaultConfigurationName = Release;
		};
		9E8294A417B6A89600244AA2 /* Build configuration list for PBXNativeTarget "RoketureTest" */ = {
			isa = XCConfigurationList;
			buildConfigurations = (
				9E8294A517B6A89600244AA2 /* Debug */,
				9E8294A617B6A89600244AA2 /* Release */,
			);
			defaultConfigurationIsVisible = 0;
			defaultConfigurationName = Release;
		};
/* End XCConfigurationList section */
	};
	rootObject = 9E82947917B6A89600244AA2 /* Project object */;
}
